<?xml version="1.0" encoding="UTF-8" standalone="yes" ?>
<CodeBlocks_project_file>
	<FileVersion major="1" minor="6" />
	<Project>
		<Option title="tubesSTDTim20" />
		<Option pch_mode="2" />
		<Option compiler="gcc" />
		<Build>
			<Target title="Debug">
				<Option output="bin/Debug/tubesSTDTim20" prefix_auto="1" extension_auto="1" />
				<Option object_output="obj/Debug/" />
				<Option type="1" />
				<Option compiler="gcc" />
				<Compiler>
					<Add option="-g" />
				</Compiler>
			</Target>
			<Target title="Release">
				<Option output="bin/Release/tubesSTDTim20" prefix_auto="1" extension_auto="1" />
				<Option object_output="obj/Release/" />
				<Option type="1" />
				<Option compiler="gcc" />
				<Compiler>
					<Add option="-O2" />
				</Compiler>
				<Linker>
					<Add option="-s" />
				</Linker>
			</Target>
		</Build>
		<Compiler>
			<Add option="-Wall" />
			<Add option="-fexceptions" />
		</Compiler>
		<Unit filename="doctorDLL.cpp" />
		<Unit filename="doctorFuncDLL.h" />
		<Unit filename="doctorTypeDLL.h" />
		<Unit filename="main.cpp" />
		<Unit filename="polyclinicDLL.cpp" />
		<Unit filename="polyclinicFuncDLL.h" />
		<Unit filename="polyclinicTypeDLL.h" />
		<Unit filename="relationDLL.cpp" />
		<Unit filename="relationFuncDLL.h" />
		<Unit filename="relationTypeDLL.h" />
		<Extensions />
	</Project>
</CodeBlocks_project_file>
